
Microsoft Visual Studio Solution File, Format Version 12.00
# Visual Studio Version 17
VisualStudioVersion = 17.2.32516.85
MinimumVisualStudioVersion = 10.0.40219.1
Project("{8BC9CEB8-8B4A-11D0-8D11-00A0C91BC942}") = "itnernal", "itnernal\itnernal.vcxproj", "{57D7C851-A599-49D3-9369-736B71B4EA09}"
EndProject
Global
	GlobalSection(SolutionConfigurationPlatforms) = preSolution
		Debug|x64 = Debug|x64
		Debug|x86 = Debug|x86
		Release|x64 = Release|x64
		Release|x86 = Release|x86
	EndGlobalSection
	GlobalSection(ProjectConfigurationPlatforms) = postSolution
		{57D7C851-A599-49D3-9369-736B71B4EA09}.Debug|x64.ActiveCfg = Debug|x64
		{57D7C851-A599-49D3-9369-736B71B4EA09}.Debug|x64.Build.0 = Debug|x64
		{57D7C851-A599-49D3-9369-736B71B4EA09}.Debug|x86.ActiveCfg = Debug|Win32
		{57D7C851-A599-49D3-9369-736B71B4EA09}.Debug|x86.Build.0 = Debug|Win32
		{57D7C851-A599-49D3-9369-736B71B4EA09}.Release|x64.ActiveCfg = Release|x64
		{57D7C851-A599-49D3-9369-736B71B4EA09}.Release|x64.Build.0 = Release|x64
		{57D7C851-A599-49D3-9369-736B71B4EA09}.Release|x86.ActiveCfg = Release|Win32
		{57D7C851-A599-49D3-9369-736B71B4EA09}.Release|x86.Build.0 = Release|Win32
	EndGlobalSection
	GlobalSection(SolutionProperties) = preSolution
		HideSolutionNode = FALSE
	EndGlobalSection
	GlobalSection(ExtensibilityGlobals) = postSolution
		SolutionGuid = {E043EE15-12F4-4151-B2A0-C311BE4AEF44}
	EndGlobalSection
EndGlobal
